
Microsoft Visual Studio Solution File, Format Version 12.00
# Visual Studio Version 16
VisualStudioVersion = 16.0.31424.327
MinimumVisualStudioVersion = 10.0.40219.1
Project("{FAE04EC0-301F-11D3-BF4B-00C04F79EFBC}") = "BlogClient", "BlogClient\BlogClient.csproj", "{A903EB94-631D-4FD0-A595-E186D600BF7C}"
EndProject
Project("{FAE04EC0-301F-11D3-BF4B-00C04F79EFBC}") = "Blog Server", "Blog Server\Blog Server.csproj", "{133CF3DF-08C3-4EEB-A060-30827F94993C}"
EndProject
Global
	GlobalSection(SolutionConfigurationPlatforms) = preSolution
		Debug|Any CPU = Debug|Any CPU
		Release|Any CPU = Release|Any CPU
	EndGlobalSection
	GlobalSection(ProjectConfigurationPlatforms) = postSolution
		{A903EB94-631D-4FD0-A595-E186D600BF7C}.Debug|Any CPU.ActiveCfg = Debug|Any CPU
		{A903EB94-631D-4FD0-A595-E186D600BF7C}.Debug|Any CPU.Build.0 = Debug|Any CPU
		{A903EB94-631D-4FD0-A595-E186D600BF7C}.Release|Any CPU.ActiveCfg = Release|Any CPU
		{A903EB94-631D-4FD0-A595-E186D600BF7C}.Release|Any CPU.Build.0 = Release|Any CPU
		{133CF3DF-08C3-4EEB-A060-30827F94993C}.Debug|Any CPU.ActiveCfg = Debug|Any CPU
		{133CF3DF-08C3-4EEB-A060-30827F94993C}.Debug|Any CPU.Build.0 = Debug|Any CPU
		{133CF3DF-08C3-4EEB-A060-30827F94993C}.Release|Any CPU.ActiveCfg = Release|Any CPU
		{133CF3DF-08C3-4EEB-A060-30827F94993C}.Release|Any CPU.Build.0 = Release|Any CPU
	EndGlobalSection
	GlobalSection(SolutionProperties) = preSolution
		HideSolutionNode = FALSE
	EndGlobalSection
	GlobalSection(ExtensibilityGlobals) = postSolution
		SolutionGuid = {FDF5C3CE-0160-465F-B302-A452FDF732D0}
	EndGlobalSection
EndGlobal
